
Microsoft Visual Studio Solution File, Format Version 12.00
# Visual Studio Version 17
VisualStudioVersion = 17.5.33530.505
MinimumVisualStudioVersion = 10.0.40219.1
Project("{FAE04EC0-301F-11D3-BF4B-00C04F79EFBC}") = "DesignPatterns2", "DesignPatterns2\DesignPatterns2.csproj", "{CCB54B9A-E822-451F-BAEF-61752E626DE1}"
EndProject
Global
	GlobalSection(SolutionConfigurationPlatforms) = preSolution
		Debug|Any CPU = Debug|Any CPU
		Release|Any CPU = Release|Any CPU
	EndGlobalSection
	GlobalSection(ProjectConfigurationPlatforms) = postSolution
		{CCB54B9A-E822-451F-BAEF-61752E626DE1}.Debug|Any CPU.ActiveCfg = Debug|Any CPU
		{CCB54B9A-E822-451F-BAEF-61752E626DE1}.Debug|Any CPU.Build.0 = Debug|Any CPU
		{CCB54B9A-E822-451F-BAEF-61752E626DE1}.Release|Any CPU.ActiveCfg = Release|Any CPU
		{CCB54B9A-E822-451F-BAEF-61752E626DE1}.Release|Any CPU.Build.0 = Release|Any CPU
	EndGlobalSection
	GlobalSection(SolutionProperties) = preSolution
		HideSolutionNode = FALSE
	EndGlobalSection
	GlobalSection(ExtensibilityGlobals) = postSolution
		SolutionGuid = {AA119C26-F42B-4A18-9697-2C97AEAAA748}
	EndGlobalSection
EndGlobal
